
Microsoft Visual Studio Solution File, Format Version 12.00
# Visual Studio Version 16
VisualStudioVersion = 16.0.31105.61
MinimumVisualStudioVersion = 10.0.40219.1
Project("{9A19103F-16F7-4668-BE54-9A1E7A4F7556}") = "FitApp", "FitApp.csproj", "{9206AD89-FB39-4C87-AA6A-6039F4A9B199}"
EndProject
Project("{9A19103F-16F7-4668-BE54-9A1E7A4F7556}") = "FitApp.DataAccess", "..\FitApp.DataAccess\FitApp.DataAccess.csproj", "{3A723B4E-D643-4A05-907E-59A1732A062E}"
EndProject
Project("{FAE04EC0-301F-11D3-BF4B-00C04F79EFBC}") = "FitApp.ApplicationServices", "..\FitApp.ApplicationServices\FitApp.ApplicationServices.csproj", "{7BBDB304-0BFF-4600-97CE-0C43FCD8B475}"
EndProject
Global
	GlobalSection(SolutionConfigurationPlatforms) = preSolution
		Debug|Any CPU = Debug|Any CPU
		Release|Any CPU = Release|Any CPU
	EndGlobalSection
	GlobalSection(ProjectConfigurationPlatforms) = postSolution
		{9206AD89-FB39-4C87-AA6A-6039F4A9B199}.Debug|Any CPU.ActiveCfg = Debug|Any CPU
		{9206AD89-FB39-4C87-AA6A-6039F4A9B199}.Debug|Any CPU.Build.0 = Debug|Any CPU
		{9206AD89-FB39-4C87-AA6A-6039F4A9B199}.Release|Any CPU.ActiveCfg = Release|Any CPU
		{9206AD89-FB39-4C87-AA6A-6039F4A9B199}.Release|Any CPU.Build.0 = Release|Any CPU
		{3A723B4E-D643-4A05-907E-59A1732A062E}.Debug|Any CPU.ActiveCfg = Debug|Any CPU
		{3A723B4E-D643-4A05-907E-59A1732A062E}.Debug|Any CPU.Build.0 = Debug|Any CPU
		{3A723B4E-D643-4A05-907E-59A1732A062E}.Release|Any CPU.ActiveCfg = Release|Any CPU
		{3A723B4E-D643-4A05-907E-59A1732A062E}.Release|Any CPU.Build.0 = Release|Any CPU
		{7BBDB304-0BFF-4600-97CE-0C43FCD8B475}.Debug|Any CPU.ActiveCfg = Debug|Any CPU
		{7BBDB304-0BFF-4600-97CE-0C43FCD8B475}.Debug|Any CPU.Build.0 = Debug|Any CPU
		{7BBDB304-0BFF-4600-97CE-0C43FCD8B475}.Release|Any CPU.ActiveCfg = Release|Any CPU
		{7BBDB304-0BFF-4600-97CE-0C43FCD8B475}.Release|Any CPU.Build.0 = Release|Any CPU
	EndGlobalSection
	GlobalSection(SolutionProperties) = preSolution
		HideSolutionNode = FALSE
	EndGlobalSection
	GlobalSection(ExtensibilityGlobals) = postSolution
		SolutionGuid = {430C7D3E-EB72-41DC-AC27-B3B7F0C9F84E}
	EndGlobalSection
EndGlobal
